
Microsoft Visual Studio Solution File, Format Version 12.00
# Visual Studio Version 16
VisualStudioVersion = 16.0.32106.194
MinimumVisualStudioVersion = 10.0.40219.1
Project("{FAE04EC0-301F-11D3-BF4B-00C04F79EFBC}") = "Project6", "Project6.csproj", "{355A7F85-9C65-4795-95D2-F405EF3F5011}"
EndProject
Global
	GlobalSection(SolutionConfigurationPlatforms) = preSolution
		Debug|Any CPU = Debug|Any CPU
		Release|Any CPU = Release|Any CPU
	EndGlobalSection
	GlobalSection(ProjectConfigurationPlatforms) = postSolution
		{355A7F85-9C65-4795-95D2-F405EF3F5011}.Debug|Any CPU.ActiveCfg = Debug|Any CPU
		{355A7F85-9C65-4795-95D2-F405EF3F5011}.Debug|Any CPU.Build.0 = Debug|Any CPU
		{355A7F85-9C65-4795-95D2-F405EF3F5011}.Release|Any CPU.ActiveCfg = Release|Any CPU
		{355A7F85-9C65-4795-95D2-F405EF3F5011}.Release|Any CPU.Build.0 = Release|Any CPU
	EndGlobalSection
	GlobalSection(SolutionProperties) = preSolution
		HideSolutionNode = FALSE
	EndGlobalSection
	GlobalSection(ExtensibilityGlobals) = postSolution
		SolutionGuid = {8F4C316A-7927-43C6-B3BB-BDBF0E44C2EC}
	EndGlobalSection
EndGlobal
